
Microsoft Visual Studio Solution File, Format Version 12.00
# Visual Studio Version 16
VisualStudioVersion = 16.0.31005.135
MinimumVisualStudioVersion = 10.0.40219.1
Project("{8BC9CEB8-8B4A-11D0-8D11-00A0C91BC942}") = "MidExamPractice", "MidExamPractice\MidExamPractice.vcxproj", "{E4823CA3-2703-4F59-A396-B3FB10D214A9}"
EndProject
Global
	GlobalSection(SolutionConfigurationPlatforms) = preSolution
		Debug|x64 = Debug|x64
		Release|x64 = Release|x64
	EndGlobalSection
	GlobalSection(ProjectConfigurationPlatforms) = postSolution
		{E4823CA3-2703-4F59-A396-B3FB10D214A9}.Debug|x64.ActiveCfg = Debug|x64
		{E4823CA3-2703-4F59-A396-B3FB10D214A9}.Debug|x64.Build.0 = Debug|x64
		{E4823CA3-2703-4F59-A396-B3FB10D214A9}.Release|x64.ActiveCfg = Release|x64
		{E4823CA3-2703-4F59-A396-B3FB10D214A9}.Release|x64.Build.0 = Release|x64
	EndGlobalSection
	GlobalSection(SolutionProperties) = preSolution
		HideSolutionNode = FALSE
	EndGlobalSection
	GlobalSection(ExtensibilityGlobals) = postSolution
		SolutionGuid = {A059E60C-4823-49C8-8439-D68DCCA03660}
	EndGlobalSection
EndGlobal
